// !$*UTF8*$!
{
	archiveVersion = 1;
	classes = {
	};
	objectVersion = 50;
	objects = {

/* Begin PBXBuildFile section */
		8467F57926D4FC7000D1B90D /* AppDelegate.m in Sources */ = {isa = PBXBuildFile; fileRef = 8467F57826D4FC7000D1B90D /* AppDelegate.m */; };
		8467F57C26D4FC7000D1B90D /* SceneDelegate.m in Sources */ = {isa = PBXBuildFile; fileRef = 8467F57B26D4FC7000D1B90D /* SceneDelegate.m */; };
		8467F57F26D4FC7000D1B90D /* ViewController.m in Sources */ = {isa = PBXBuildFile; fileRef = 8467F57E26D4FC7000D1B90D /* ViewController.m */; };
		8467F58226D4FC7000D1B90D /* Main.storyboard in Resources */ = {isa = PBXBuildFile; fileRef = 8467F58026D4FC7000D1B90D /* Main.storyboard */; };
		8467F58426D4FC7300D1B90D /* Assets.xcassets in Resources */ = {isa = PBXBuildFile; fileRef = 8467F58326D4FC7300D1B90D /* Assets.xcassets */; };
		8467F58726D4FC7300D1B90D /* LaunchScreen.storyboard in Resources */ = {isa = PBXBuildFile; fileRef = 8467F58526D4FC7300D1B90D /* LaunchScreen.storyboard */; };
		8467F58A26D4FC7300D1B90D /* main.m in Sources */ = {isa = PBXBuildFile; fileRef = 8467F58926D4FC7300D1B90D /* main.m */; };
		8467F59626D4FCA500D1B90D /* LoginViewController.m in Sources */ = {isa = PBXBuildFile; fileRef = 8467F59426D4FCA500D1B90D /* LoginViewController.m */; };
		8467F59A26D4FCAE00D1B90D /* SignupViewController.m in Sources */ = {isa = PBXBuildFile; fileRef = 8467F59926D4FCAE00D1B90D /* SignupViewController.m */; };
		8467F59E26D4FCB700D1B90D /* OtpViewController.m in Sources */ = {isa = PBXBuildFile; fileRef = 8467F59D26D4FCB700D1B90D /* OtpViewController.m */; };
		8467F5AA26D50BEA00D1B90D /* WSCalendarView.m in Sources */ = {isa = PBXBuildFile; fileRef = 8467F5A326D50BEA00D1B90D /* WSCalendarView.m */; };
		8467F5AB26D50BEA00D1B90D /* WSCalendarView.xib in Resources */ = {isa = PBXBuildFile; fileRef = 8467F5A526D50BEA00D1B90D /* WSCalendarView.xib */; };
		8467F5AC26D50BEA00D1B90D /* WSEventView.m in Sources */ = {isa = PBXBuildFile; fileRef = 8467F5A626D50BEA00D1B90D /* WSEventView.m */; };
		8467F5AD26D50BEA00D1B90D /* WSLabel.m in Sources */ = {isa = PBXBuildFile; fileRef = 8467F5A726D50BEA00D1B90D /* WSLabel.m */; };
		8467F5B826D50C7300D1B90D /* countries.json in Resources */ = {isa = PBXBuildFile; fileRef = 8467F5B026D50C7200D1B90D /* countries.json */; };
		8467F5B926D50C7300D1B90D /* CountryCell.m in Sources */ = {isa = PBXBuildFile; fileRef = 8467F5B126D50C7200D1B90D /* CountryCell.m */; };
		8467F5BA26D50C7300D1B90D /* CountryListDataSource.m in Sources */ = {isa = PBXBuildFile; fileRef = 8467F5B426D50C7200D1B90D /* CountryListDataSource.m */; };
		8467F5BB26D50C7300D1B90D /* CountryListViewController.m in Sources */ = {isa = PBXBuildFile; fileRef = 8467F5B526D50C7300D1B90D /* CountryListViewController.m */; };
		8467F5BC26D50C7300D1B90D /* CountryListViewController.xib in Resources */ = {isa = PBXBuildFile; fileRef = 8467F5B626D50C7300D1B90D /* CountryListViewController.xib */; };
		8467F5C126D50CE000D1B90D /* UIView+Toast.m in Sources */ = {isa = PBXBuildFile; fileRef = 8467F5C026D50CDF00D1B90D /* UIView+Toast.m */; };
		8467F5E726D50D3700D1B90D /* SDWebImageDownloaderOperation.m in Sources */ = {isa = PBXBuildFile; fileRef = 8467F5C426D50D3400D1B90D /* SDWebImageDownloaderOperation.m */; };
		8467F5E826D50D3700D1B90D /* NSData+ImageContentType.m in Sources */ = {isa = PBXBuildFile; fileRef = 8467F5C526D50D3400D1B90D /* NSData+ImageContentType.m */; };
		8467F5E926D50D3700D1B90D /* SDImageCache.m in Sources */ = {isa = PBXBuildFile; fileRef = 8467F5C626D50D3400D1B90D /* SDImageCache.m */; };
		8467F5EA26D50D3700D1B90D /* SDWebImageCompat.m in Sources */ = {isa = PBXBuildFile; fileRef = 8467F5C726D50D3400D1B90D /* SDWebImageCompat.m */; };
		8467F5EB26D50D3700D1B90D /* UIImage+GIF.m in Sources */ = {isa = PBXBuildFile; fileRef = 8467F5CA26D50D3400D1B90D /* UIImage+GIF.m */; };
		8467F5EC26D50D3700D1B90D /* UIImage+animatedGIF.m in Sources */ = {isa = PBXBuildFile; fileRef = 8467F5CB26D50D3500D1B90D /* UIImage+animatedGIF.m */; };
		8467F5ED26D50D3700D1B90D /* SDWebImageManager.m in Sources */ = {isa = PBXBuildFile; fileRef = 8467F5CD26D50D3500D1B90D /* SDWebImageManager.m */; };
		8467F5EE26D50D3700D1B90D /* UIImage+WebP.m in Sources */ = {isa = PBXBuildFile; fileRef = 8467F5D126D50D3500D1B90D /* UIImage+WebP.m */; };
		8467F5EF26D50D3700D1B90D /* UIImage+MultiFormat.m in Sources */ = {isa = PBXBuildFile; fileRef = 8467F5D226D50D3500D1B90D /* UIImage+MultiFormat.m */; };
		8467F5F026D50D3700D1B90D /* SDWebImageDecoder.m in Sources */ = {isa = PBXBuildFile; fileRef = 8467F5D326D50D3500D1B90D /* SDWebImageDecoder.m */; };
		8467F5F126D50D3700D1B90D /* UIButton+WebCache.m in Sources */ = {isa = PBXBuildFile; fileRef = 8467F5D826D50D3500D1B90D /* UIButton+WebCache.m */; };
		8467F5F226D50D3700D1B90D /* UIImageView+WebCache.m in Sources */ = {isa = PBXBuildFile; fileRef = 8467F5DA26D50D3600D1B90D /* UIImageView+WebCache.m */; };
		8467F5F326D50D3700D1B90D /* SDWebImageDownloader.m in Sources */ = {isa = PBXBuildFile; fileRef = 8467F5DB26D50D3600D1B90D /* SDWebImageDownloader.m */; };
		8467F5F426D50D3700D1B90D /* SDWebImagePrefetcher.m in Sources */ = {isa = PBXBuildFile; fileRef = 8467F5DE26D50D3600D1B90D /* SDWebImagePrefetcher.m */; };
		8467F5F526D50D3700D1B90D /* UIView+WebCacheOperation.m in Sources */ = {isa = PBXBuildFile; fileRef = 8467F5DF26D50D3600D1B90D /* UIView+WebCacheOperation.m */; };
		8467F5F626D50D3700D1B90D /* MKAnnotationView+WebCache.m in Sources */ = {isa = PBXBuildFile; fileRef = 8467F5E226D50D3700D1B90D /* MKAnnotationView+WebCache.m */; };
		8467F5F726D50D3700D1B90D /* UIImageView+HighlightedWebCache.m in Sources */ = {isa = PBXBuildFile; fileRef = 8467F5E526D50D3700D1B90D /* UIImageView+HighlightedWebCache.m */; };
		8467F5FC26D50F9600D1B90D /* ForgetViewController.m in Sources */ = {isa = PBXBuildFile; fileRef = 8467F5FB26D50F9600D1B90D /* ForgetViewController.m */; };
		8467F60026D516CC00D1B90D /* ACFloatingTextField.m in Sources */ = {isa = PBXBuildFile; fileRef = 8467F5FF26D516CC00D1B90D /* ACFloatingTextField.m */; };
		849955FC26D756E400761635 /* UIView+ViewController.m in Sources */ = {isa = PBXBuildFile; fileRef = 849955E926D756E200761635 /* UIView+ViewController.m */; };
		849955FD26D756E400761635 /* GridCell.m in Sources */ = {isa = PBXBuildFile; fileRef = 849955EB26D756E300761635 /* GridCell.m */; };
		849955FE26D756E400761635 /* NVBnbCollectionViewParallaxCell.m in Sources */ = {isa = PBXBuildFile; fileRef = 849955EC26D756E300761635 /* NVBnbCollectionViewParallaxCell.m */; };
		849955FF26D756E400761635 /* ParallaxCell.m in Sources */ = {isa = PBXBuildFile; fileRef = 849955EE26D756E300761635 /* ParallaxCell.m */; };
		8499560026D756E400761635 /* NinaBaseView.m in Sources */ = {isa = PBXBuildFile; fileRef = 849955EF26D756E300761635 /* NinaBaseView.m */; };
		8499560126D756E400761635 /* ReviewTableViewCell.m in Sources */ = {isa = PBXBuildFile; fileRef = 849955F226D756E300761635 /* ReviewTableViewCell.m */; };
		8499560226D756E400761635 /* Header.xib in Resources */ = {isa = PBXBuildFile; fileRef = 849955F326D756E400761635 /* Header.xib */; };
		8499560326D756E400761635 /* NVBnbCollectionViewLayout.m in Sources */ = {isa = PBXBuildFile; fileRef = 849955F426D756E400761635 /* NVBnbCollectionViewLayout.m */; };
		8499560426D756E400761635 /* NVBnbCollectionView.m in Sources */ = {isa = PBXBuildFile; fileRef = 849955F626D756E400761635 /* NVBnbCollectionView.m */; };
		8499560526D756E400761635 /* NinaPagerView.m in Sources */ = {isa = PBXBuildFile; fileRef = 849955FA26D756E400761635 /* NinaPagerView.m */; };
		84B86CD926D5FB880032399A /* HomeViewController.m in Sources */ = {isa = PBXBuildFile; fileRef = 84B86CD826D5FB880032399A /* HomeViewController.m */; };
		84B86CE726D60A1B0032399A /* SliderBanner.xib in Resources */ = {isa = PBXBuildFile; fileRef = 84B86CE526D60A1B0032399A /* SliderBanner.xib */; };
		84B86CE826D60A1B0032399A /* SliderBanner.m in Sources */ = {isa = PBXBuildFile; fileRef = 84B86CE626D60A1B0032399A /* SliderBanner.m */; };
		84B86CEC26D60B3F0032399A /* SymptomCollectionViewCell.m in Sources */ = {isa = PBXBuildFile; fileRef = 84B86CEB26D60B3F0032399A /* SymptomCollectionViewCell.m */; };
		84B86CF026D60B540032399A /* topCollectionViewCell.m in Sources */ = {isa = PBXBuildFile; fileRef = 84B86CEF26D60B540032399A /* topCollectionViewCell.m */; };
		84B86CF426D60B620032399A /* HospitalCollectionViewCell.m in Sources */ = {isa = PBXBuildFile; fileRef = 84B86CF326D60B620032399A /* HospitalCollectionViewCell.m */; };
		84B86D0E26D6212B0032399A /* SWRevealViewController.m in Sources */ = {isa = PBXBuildFile; fileRef = 84B86D0C26D6212B0032399A /* SWRevealViewController.m */; };
		84B86D1226D621B40032399A /* MenuViewController.m in Sources */ = {isa = PBXBuildFile; fileRef = 84B86D1126D621B40032399A /* MenuViewController.m */; };
		84B86D1626D621C20032399A /* menuTableViewCell.m in Sources */ = {isa = PBXBuildFile; fileRef = 84B86D1526D621C20032399A /* menuTableViewCell.m */; };
		84B86DBA26D65CAD0032399A /* ConsultViewController.m in Sources */ = {isa = PBXBuildFile; fileRef = 84B86DB926D65CAD0032399A /* ConsultViewController.m */; };
		84B86DBE26D65CC40032399A /* consultTableViewCell.m in Sources */ = {isa = PBXBuildFile; fileRef = 84B86DBD26D65CC40032399A /* consultTableViewCell.m */; };
/* End PBXBuildFile section */

/* Begin PBXFileReference section */
		8467F57426D4FC7000D1B90D /* Arogyaa.app */ = {isa = PBXFileReference; explicitFileType = wrapper.application; includeInIndex = 0; path = Arogyaa.app; sourceTree = BUILT_PRODUCTS_DIR; };
		8467F57726D4FC7000D1B90D /* AppDelegate.h */ = {isa = PBXFileReference; lastKnownFileType = sourcecode.c.h; path = AppDelegate.h; sourceTree = "<group>"; };
		8467F57826D4FC7000D1B90D /* AppDelegate.m */ = {isa = PBXFileReference; lastKnownFileType = sourcecode.c.objc; path = AppDelegate.m; sourceTree = "<group>"; };
		8467F57A26D4FC7000D1B90D /* SceneDelegate.h */ = {isa = PBXFileReference; lastKnownFileType = sourcecode.c.h; path = SceneDelegate.h; sourceTree = "<group>"; };
		8467F57B26D4FC7000D1B90D /* SceneDelegate.m */ = {isa = PBXFileReference; lastKnownFileType = sourcecode.c.objc; path = SceneDelegate.m; sourceTree = "<group>"; };
		8467F57D26D4FC7000D1B90D /* ViewController.h */ = {isa = PBXFileReference; lastKnownFileType = sourcecode.c.h; path = ViewController.h; sourceTree = "<group>"; };
		8467F57E26D4FC7000D1B90D /* ViewController.m */ = {isa = PBXFileReference; lastKnownFileType = sourcecode.c.objc; path = ViewController.m; sourceTree = "<group>"; };
		8467F58126D4FC7000D1B90D /* Base */ = {isa = PBXFileReference; lastKnownFileType = file.storyboard; name = Base; path = Base.lproj/Main.storyboard; sourceTree = "<group>"; };
		8467F58326D4FC7300D1B90D /* Assets.xcassets */ = {isa = PBXFileReference; lastKnownFileType = folder.assetcatalog; path = Assets.xcassets; sourceTree = "<group>"; };
		8467F58626D4FC7300D1B90D /* Base */ = {isa = PBXFileReference; lastKnownFileType = file.storyboard; name = Base; path = Base.lproj/LaunchScreen.storyboard; sourceTree = "<group>"; };
		8467F58826D4FC7300D1B90D /* Info.plist */ = {isa = PBXFileReference; lastKnownFileType = text.plist.xml; path = Info.plist; sourceTree = "<group>"; };
		8467F58926D4FC7300D1B90D /* main.m */ = {isa = PBXFileReference; lastKnownFileType = sourcecode.c.objc; path = main.m; sourceTree = "<group>"; };
		8467F59426D4FCA500D1B90D /* LoginViewController.m */ = {isa = PBXFileReference; fileEncoding = 4; lastKnownFileType = sourcecode.c.objc; path = LoginViewController.m; sourceTree = "<group>"; };
		8467F59526D4FCA500D1B90D /* LoginViewController.h */ = {isa = PBXFileReference; fileEncoding = 4; lastKnownFileType = sourcecode.c.h; path = LoginViewController.h; sourceTree = "<group>"; };
		8467F59826D4FCAE00D1B90D /* SignupViewController.h */ = {isa = PBXFileReference; fileEncoding = 4; lastKnownFileType = sourcecode.c.h; path = SignupViewController.h; sourceTree = "<group>"; };
		8467F59926D4FCAE00D1B90D /* SignupViewController.m */ = {isa = PBXFileReference; fileEncoding = 4; lastKnownFileType = sourcecode.c.objc; path = SignupViewController.m; sourceTree = "<group>"; };
		8467F59C26D4FCB700D1B90D /* OtpViewController.h */ = {isa = PBXFileReference; fileEncoding = 4; lastKnownFileType = sourcecode.c.h; path = OtpViewController.h; sourceTree = "<group>"; };
		8467F59D26D4FCB700D1B90D /* OtpViewController.m */ = {isa = PBXFileReference; fileEncoding = 4; lastKnownFileType = sourcecode.c.objc; path = OtpViewController.m; sourceTree = "<group>"; };
		8467F5A326D50BEA00D1B90D /* WSCalendarView.m */ = {isa = PBXFileReference; fileEncoding = 4; lastKnownFileType = sourcecode.c.objc; path = WSCalendarView.m; sourceTree = "<group>"; };
		8467F5A426D50BEA00D1B90D /* WSLabel.h */ = {isa = PBXFileReference; fileEncoding = 4; lastKnownFileType = sourcecode.c.h; path = WSLabel.h; sourceTree = "<group>"; };
		8467F5A526D50BEA00D1B90D /* WSCalendarView.xib */ = {isa = PBXFileReference; fileEncoding = 4; lastKnownFileType = file.xib; path = WSCalendarView.xib; sourceTree = "<group>"; };
		8467F5A626D50BEA00D1B90D /* WSEventView.m */ = {isa = PBXFileReference; fileEncoding = 4; lastKnownFileType = sourcecode.c.objc; path = WSEventView.m; sourceTree = "<group>"; };
		8467F5A726D50BEA00D1B90D /* WSLabel.m */ = {isa = PBXFileReference; fileEncoding = 4; lastKnownFileType = sourcecode.c.objc; path = WSLabel.m; sourceTree = "<group>"; };
		8467F5A826D50BEA00D1B90D /* WSEventView.h */ = {isa = PBXFileReference; fileEncoding = 4; lastKnownFileType = sourcecode.c.h; path = WSEventView.h; sourceTree = "<group>"; };
		8467F5A926D50BEA00D1B90D /* WSCalendarView.h */ = {isa = PBXFileReference; fileEncoding = 4; lastKnownFileType = sourcecode.c.h; path = WSCalendarView.h; sourceTree = "<group>"; };
		8467F5B026D50C7200D1B90D /* countries.json */ = {isa = PBXFileReference; fileEncoding = 4; lastKnownFileType = text.json; path = countries.json; sourceTree = "<group>"; };
		8467F5B126D50C7200D1B90D /* CountryCell.m */ = {isa = PBXFileReference; fileEncoding = 4; lastKnownFileType = sourcecode.c.objc; path = CountryCell.m; sourceTree = "<group>"; };
		8467F5B226D50C7200D1B90D /* CountryCell.h */ = {isa = PBXFileReference; fileEncoding = 4; lastKnownFileType = sourcecode.c.h; path = CountryCell.h; sourceTree = "<group>"; };
		8467F5B326D50C7200D1B90D /* CountryListViewController.h */ = {isa = PBXFileReference; fileEncoding = 4; lastKnownFileType = sourcecode.c.h; path = CountryListViewController.h; sourceTree = "<group>"; };
		8467F5B426D50C7200D1B90D /* CountryListDataSource.m */ = {isa = PBXFileReference; fileEncoding = 4; lastKnownFileType = sourcecode.c.objc; path = CountryListDataSource.m; sourceTree = "<group>"; };
		8467F5B526D50C7300D1B90D /* CountryListViewController.m */ = {isa = PBXFileReference; fileEncoding = 4; lastKnownFileType = sourcecode.c.objc; path = CountryListViewController.m; sourceTree = "<group>"; };
		8467F5B626D50C7300D1B90D /* CountryListViewController.xib */ = {isa = PBXFileReference; fileEncoding = 4; lastKnownFileType = file.xib; path = CountryListViewController.xib; sourceTree = "<group>"; };
		8467F5B726D50C7300D1B90D /* CountryListDataSource.h */ = {isa = PBXFileReference; fileEncoding = 4; lastKnownFileType = sourcecode.c.h; path = CountryListDataSource.h; sourceTree = "<group>"; };
		8467F5BF26D50CDF00D1B90D /* UIView+Toast.h */ = {isa = PBXFileReference; fileEncoding = 4; lastKnownFileType = sourcecode.c.h; path = "UIView+Toast.h"; sourceTree = "<group>"; };
		8467F5C026D50CDF00D1B90D /* UIView+Toast.m */ = {isa = PBXFileReference; fileEncoding = 4; lastKnownFileType = sourcecode.c.objc; path = "UIView+Toast.m"; sourceTree = "<group>"; };
		8467F5C426D50D3400D1B90D /* SDWebImageDownloaderOperation.m */ = {isa = PBXFileReference; fileEncoding = 4; lastKnownFileType = sourcecode.c.objc; path = SDWebImageDownloaderOperation.m; sourceTree = "<group>"; };
		8467F5C526D50D3400D1B90D /* NSData+ImageContentType.m */ = {isa = PBXFileReference; fileEncoding = 4; lastKnownFileType = sourcecode.c.objc; path = "NSData+ImageContentType.m"; sourceTree = "<group>"; };
		8467F5C626D50D3400D1B90D /* SDImageCache.m */ = {isa = PBXFileReference; fileEncoding = 4; lastKnownFileType = sourcecode.c.objc; path = SDImageCache.m; sourceTree = "<group>"; };
		8467F5C726D50D3400D1B90D /* SDWebImageCompat.m */ = {isa = PBXFileReference; fileEncoding = 4; lastKnownFileType = sourcecode.c.objc; path = SDWebImageCompat.m; sourceTree = "<group>"; };
		8467F5C826D50D3400D1B90D /* MKAnnotationView+WebCache.h */ = {isa = PBXFileReference; fileEncoding = 4; lastKnownFileType = sourcecode.c.h; path = "MKAnnotationView+WebCache.h"; sourceTree = "<group>"; };
		8467F5C926D50D3400D1B90D /* SDWebImageDecoder.h */ = {isa = PBXFileReference; fileEncoding = 4; lastKnownFileType = sourcecode.c.h; path = SDWebImageDecoder.h; sourceTree = "<group>"; };
		8467F5CA26D50D3400D1B90D /* UIImage+GIF.m */ = {isa = PBXFileReference; fileEncoding = 4; lastKnownFileType = sourcecode.c.objc; path = "UIImage+GIF.m"; sourceTree = "<group>"; };
		8467F5CB26D50D3500D1B90D /* UIImage+animatedGIF.m */ = {isa = PBXFileReference; fileEncoding = 4; lastKnownFileType = sourcecode.c.objc; path = "UIImage+animatedGIF.m"; sourceTree = "<group>"; };
		8467F5CC26D50D3500D1B90D /* UIButton+WebCache.h */ = {isa = PBXFileReference; fileEncoding = 4; lastKnownFileType = sourcecode.c.h; path = "UIButton+WebCache.h"; sourceTree = "<group>"; };
		8467F5CD26D50D3500D1B90D /* SDWebImageManager.m */ = {isa = PBXFileReference; fileEncoding = 4; lastKnownFileType = sourcecode.c.objc; path = SDWebImageManager.m; sourceTree = "<group>"; };
		8467F5CE26D50D3500D1B90D /* SDWebImageManager.h */ = {isa = PBXFileReference; fileEncoding = 4; lastKnownFileType = sourcecode.c.h; path = SDWebImageManager.h; sourceTree = "<group>"; };
		8467F5CF26D50D3500D1B90D /* SDWebImagePrefetcher.h */ = {isa = PBXFileReference; fileEncoding = 4; lastKnownFileType = sourcecode.c.h; path = SDWebImagePrefetcher.h; sourceTree = "<group>"; };
		8467F5D026D50D3500D1B90D /* UIView+WebCacheOperation.h */ = {isa = PBXFileReference; fileEncoding = 4; lastKnownFileType = sourcecode.c.h; path = "UIView+WebCacheOperation.h"; sourceTree = "<group>"; };
		8467F5D126D50D3500D1B90D /* UIImage+WebP.m */ = {isa = PBXFileReference; fileEncoding = 4; lastKnownFileType = sourcecode.c.objc; path = "UIImage+WebP.m"; sourceTree = "<group>"; };
		8467F5D226D50D3500D1B90D /* UIImage+MultiFormat.m */ = {isa = PBXFileReference; fileEncoding = 4; lastKnownFileType = sourcecode.c.objc; path = "UIImage+MultiFormat.m"; sourceTree = "<group>"; };
		8467F5D326D50D3500D1B90D /* SDWebImageDecoder.m */ = {isa = PBXFileReference; fileEncoding = 4; lastKnownFileType = sourcecode.c.objc; path = SDWebImageDecoder.m; sourceTree = "<group>"; };
		8467F5D426D50D3500D1B90D /* SDWebImageOperation.h */ = {isa = PBXFileReference; fileEncoding = 4; lastKnownFileType = sourcecode.c.h; path = SDWebImageOperation.h; sourceTree = "<group>"; };
		8467F5D526D50D3500D1B90D /* UIImage+MultiFormat.h */ = {isa = PBXFileReference; fileEncoding = 4; lastKnownFileType = sourcecode.c.h; path = "UIImage+MultiFormat.h"; sourceTree = "<group>"; };
		8467F5D626D50D3500D1B90D /* UIImage+GIF.h */ = {isa = PBXFileReference; fileEncoding = 4; lastKnownFileType = sourcecode.c.h; path = "UIImage+GIF.h"; sourceTree = "<group>"; };
		8467F5D726D50D3500D1B90D /* SDWebImageDownloaderOperation.h */ = {isa = PBXFileReference; fileEncoding = 4; lastKnownFileType = sourcecode.c.h; path = SDWebImageDownloaderOperation.h; sourceTree = "<group>"; };
		8467F5D826D50D3500D1B90D /* UIButton+WebCache.m */ = {isa = PBXFileReference; fileEncoding = 4; lastKnownFileType = sourcecode.c.objc; path = "UIButton+WebCache.m"; sourceTree = "<group>"; };
		8467F5D926D50D3600D1B90D /* SDImageCache.h */ = {isa = PBXFileReference; fileEncoding = 4; lastKnownFileType = sourcecode.c.h; path = SDImageCache.h; sourceTree = "<group>"; };
		8467F5DA26D50D3600D1B90D /* UIImageView+WebCache.m */ = {isa = PBXFileReference; fileEncoding = 4; lastKnownFileType = sourcecode.c.objc; path = "UIImageView+WebCache.m"; sourceTree = "<group>"; };
		8467F5DB26D50D3600D1B90D /* SDWebImageDownloader.m */ = {isa = PBXFileReference; fileEncoding = 4; lastKnownFileType = sourcecode.c.objc; path = SDWebImageDownloader.m; sourceTree = "<group>"; };
		8467F5DC26D50D3600D1B90D /* SDWebImageCompat.h */ = {isa = PBXFileReference; fileEncoding = 4; lastKnownFileType = sourcecode.c.h; path = SDWebImageCompat.h; sourceTree = "<group>"; };
		8467F5DD26D50D3600D1B90D /* UIImage+WebP.h */ = {isa = PBXFileReference; fileEncoding = 4; lastKnownFileType = sourcecode.c.h; path = "UIImage+WebP.h"; sourceTree = "<group>"; };
		8467F5DE26D50D3600D1B90D /* SDWebImagePrefetcher.m */ = {isa = PBXFileReference; fileEncoding = 4; lastKnownFileType = sourcecode.c.objc; path = SDWebImagePrefetcher.m; sourceTree = "<group>"; };
		8467F5DF26D50D3600D1B90D /* UIView+WebCacheOperation.m */ = {isa = PBXFileReference; fileEncoding = 4; lastKnownFileType = sourcecode.c.objc; path = "UIView+WebCacheOperation.m"; sourceTree = "<group>"; };
		8467F5E026D50D3600D1B90D /* SDWebImageDownloader.h */ = {isa = PBXFileReference; fileEncoding = 4; lastKnownFileType = sourcecode.c.h; path = SDWebImageDownloader.h; sourceTree = "<group>"; };
		8467F5E126D50D3700D1B90D /* UIImageView+WebCache.h */ = {isa = PBXFileReference; fileEncoding = 4; lastKnownFileType = sourcecode.c.h; path = "UIImageView+WebCache.h"; sourceTree = "<group>"; };
		8467F5E226D50D3700D1B90D /* MKAnnotationView+WebCache.m */ = {isa = PBXFileReference; fileEncoding = 4; lastKnownFileType = sourcecode.c.objc; path = "MKAnnotationView+WebCache.m"; sourceTree = "<group>"; };
		8467F5E326D50D3700D1B90D /* UIImageView+HighlightedWebCache.h */ = {isa = PBXFileReference; fileEncoding = 4; lastKnownFileType = sourcecode.c.h; path = "UIImageView+HighlightedWebCache.h"; sourceTree = "<group>"; };
		8467F5E426D50D3700D1B90D /* NSData+ImageContentType.h */ = {isa = PBXFileReference; fileEncoding = 4; lastKnownFileType = sourcecode.c.h; path = "NSData+ImageContentType.h"; sourceTree = "<group>"; };
		8467F5E526D50D3700D1B90D /* UIImageView+HighlightedWebCache.m */ = {isa = PBXFileReference; fileEncoding = 4; lastKnownFileType = sourcecode.c.objc; path = "UIImageView+HighlightedWebCache.m"; sourceTree = "<group>"; };
		8467F5E626D50D3700D1B90D /* UIImage+animatedGIF.h */ = {isa = PBXFileReference; fileEncoding = 4; lastKnownFileType = sourcecode.c.h; path = "UIImage+animatedGIF.h"; sourceTree = "<group>"; };
		8467F5FA26D50F9600D1B90D /* ForgetViewController.h */ = {isa = PBXFileReference; lastKnownFileType = sourcecode.c.h; path = ForgetViewController.h; sourceTree = "<group>"; };
		8467F5FB26D50F9600D1B90D /* ForgetViewController.m */ = {isa = PBXFileReference; lastKnownFileType = sourcecode.c.objc; path = ForgetViewController.m; sourceTree = "<group>"; };
		8467F5FE26D516CC00D1B90D /* ACFloatingTextField.h */ = {isa = PBXFileReference; fileEncoding = 4; lastKnownFileType = sourcecode.c.h; path = ACFloatingTextField.h; sourceTree = "<group>"; };
		8467F5FF26D516CC00D1B90D /* ACFloatingTextField.m */ = {isa = PBXFileReference; fileEncoding = 4; lastKnownFileType = sourcecode.c.objc; path = ACFloatingTextField.m; sourceTree = "<group>"; };
		849955E826D756E200761635 /* ReviewTableViewCell.h */ = {isa = PBXFileReference; fileEncoding = 4; lastKnownFileType = sourcecode.c.h; path = ReviewTableViewCell.h; sourceTree = "<group>"; };
		849955E926D756E200761635 /* UIView+ViewController.m */ = {isa = PBXFileReference; fileEncoding = 4; lastKnownFileType = sourcecode.c.objc; path = "UIView+ViewController.m"; sourceTree = "<group>"; };
		849955EA26D756E300761635 /* GridCell.h */ = {isa = PBXFileReference; fileEncoding = 4; lastKnownFileType = sourcecode.c.h; path = GridCell.h; sourceTree = "<group>"; };
		849955EB26D756E300761635 /* GridCell.m */ = {isa = PBXFileReference; fileEncoding = 4; lastKnownFileType = sourcecode.c.objc; path = GridCell.m; sourceTree = "<group>"; };
		849955EC26D756E300761635 /* NVBnbCollectionViewParallaxCell.m */ = {isa = PBXFileReference; fileEncoding = 4; lastKnownFileType = sourcecode.c.objc; path = NVBnbCollectionViewParallaxCell.m; sourceTree = "<group>"; };
		849955ED26D756E300761635 /* ParallaxCell.h */ = {isa = PBXFileReference; fileEncoding = 4; lastKnownFileType = sourcecode.c.h; path = ParallaxCell.h; sourceTree = "<group>"; };
		849955EE26D756E300761635 /* ParallaxCell.m */ = {isa = PBXFileReference; fileEncoding = 4; lastKnownFileType = sourcecode.c.objc; path = ParallaxCell.m; sourceTree = "<group>"; };
		849955EF26D756E300761635 /* NinaBaseView.m */ = {isa = PBXFileReference; fileEncoding = 4; lastKnownFileType = sourcecode.c.objc; path = NinaBaseView.m; sourceTree = "<group>"; };
		849955F026D756E300761635 /* NinaBaseView.h */ = {isa = PBXFileReference; fileEncoding = 4; lastKnownFileType = sourcecode.c.h; path = NinaBaseView.h; sourceTree = "<group>"; };
		849955F126D756E300761635 /* NinaPagerView.h */ = {isa = PBXFileReference; fileEncoding = 4; lastKnownFileType = sourcecode.c.h; path = NinaPagerView.h; sourceTree = "<group>"; };
		849955F226D756E300761635 /* ReviewTableViewCell.m */ = {isa = PBXFileReference; fileEncoding = 4; lastKnownFileType = sourcecode.c.objc; path = ReviewTableViewCell.m; sourceTree = "<group>"; };
		849955F326D756E400761635 /* Header.xib */ = {isa = PBXFileReference; fileEncoding = 4; lastKnownFileType = file.xib; path = Header.xib; sourceTree = "<group>"; };
		849955F426D756E400761635 /* NVBnbCollectionViewLayout.m */ = {isa = PBXFileReference; fileEncoding = 4; lastKnownFileType = sourcecode.c.objc; path = NVBnbCollectionViewLayout.m; sourceTree = "<group>"; };
		849955F526D756E400761635 /* UIView+ViewController.h */ = {isa = PBXFileReference; fileEncoding = 4; lastKnownFileType = sourcecode.c.h; path = "UIView+ViewController.h"; sourceTree = "<group>"; };
		849955F626D756E400761635 /* NVBnbCollectionView.m */ = {isa = PBXFileReference; fileEncoding = 4; lastKnownFileType = sourcecode.c.objc; path = NVBnbCollectionView.m; sourceTree = "<group>"; };
		849955F726D756E400761635 /* NVBnbCollectionViewLayout.h */ = {isa = PBXFileReference; fileEncoding = 4; lastKnownFileType = sourcecode.c.h; path = NVBnbCollectionViewLayout.h; sourceTree = "<group>"; };
		849955F826D756E400761635 /* UIParameter.h */ = {isa = PBXFileReference; fileEncoding = 4; lastKnownFileType = sourcecode.c.h; path = UIParameter.h; sourceTree = "<group>"; };
		849955F926D756E400761635 /* NVBnbCollectionView.h */ = {isa = PBXFileReference; fileEncoding = 4; lastKnownFileType = sourcecode.c.h; path = NVBnbCollectionView.h; sourceTree = "<group>"; };
		849955FA26D756E400761635 /* NinaPagerView.m */ = {isa = PBXFileReference; fileEncoding = 4; lastKnownFileType = sourcecode.c.objc; path = NinaPagerView.m; sourceTree = "<group>"; };
		849955FB26D756E400761635 /* NVBnbCollectionViewParallaxCell.h */ = {isa = PBXFileReference; fileEncoding = 4; lastKnownFileType = sourcecode.c.h; path = NVBnbCollectionViewParallaxCell.h; sourceTree = "<group>"; };
		84B86CD726D5FB880032399A /* HomeViewController.h */ = {isa = PBXFileReference; lastKnownFileType = sourcecode.c.h; path = HomeViewController.h; sourceTree = "<group>"; };
		84B86CD826D5FB880032399A /* HomeViewController.m */ = {isa = PBXFileReference; lastKnownFileType = sourcecode.c.objc; path = HomeViewController.m; sourceTree = "<group>"; };
		84B86CE426D60A1A0032399A /* SliderBanner.h */ = {isa = PBXFileReference; fileEncoding = 4; lastKnownFileType = sourcecode.c.h; path = SliderBanner.h; sourceTree = "<group>"; };
		84B86CE526D60A1B0032399A /* SliderBanner.xib */ = {isa = PBXFileReference; fileEncoding = 4; lastKnownFileType = file.xib; path = SliderBanner.xib; sourceTree = "<group>"; };
		84B86CE626D60A1B0032399A /* SliderBanner.m */ = {isa = PBXFileReference; fileEncoding = 4; lastKnownFileType = sourcecode.c.objc; path = SliderBanner.m; sourceTree = "<group>"; };
		84B86CEA26D60B3F0032399A /* SymptomCollectionViewCell.h */ = {isa = PBXFileReference; lastKnownFileType = sourcecode.c.h; path = SymptomCollectionViewCell.h; sourceTree = "<group>"; };
		84B86CEB26D60B3F0032399A /* SymptomCollectionViewCell.m */ = {isa = PBXFileReference; lastKnownFileType = sourcecode.c.objc; path = SymptomCollectionViewCell.m; sourceTree = "<group>"; };
		84B86CEE26D60B540032399A /* topCollectionViewCell.h */ = {isa = PBXFileReference; lastKnownFileType = sourcecode.c.h; path = topCollectionViewCell.h; sourceTree = "<group>"; };
		84B86CEF26D60B540032399A /* topCollectionViewCell.m */ = {isa = PBXFileReference; lastKnownFileType = sourcecode.c.objc; path = topCollectionViewCell.m; sourceTree = "<group>"; };
		84B86CF226D60B620032399A /* HospitalCollectionViewCell.h */ = {isa = PBXFileReference; lastKnownFileType = sourcecode.c.h; path = HospitalCollectionViewCell.h; sourceTree = "<group>"; };
		84B86CF326D60B620032399A /* HospitalCollectionViewCell.m */ = {isa = PBXFileReference; lastKnownFileType = sourcecode.c.objc; path = HospitalCollectionViewCell.m; sourceTree = "<group>"; };
		84B86D0C26D6212B0032399A /* SWRevealViewController.m */ = {isa = PBXFileReference; fileEncoding = 4; lastKnownFileType = sourcecode.c.objc; path = SWRevealViewController.m; sourceTree = "<group>"; };
		84B86D0D26D6212B0032399A /* SWRevealViewController.h */ = {isa = PBXFileReference; fileEncoding = 4; lastKnownFileType = sourcecode.c.h; path = SWRevealViewController.h; sourceTree = "<group>"; };
		84B86D1026D621B40032399A /* MenuViewController.h */ = {isa = PBXFileReference; lastKnownFileType = sourcecode.c.h; path = MenuViewController.h; sourceTree = "<group>"; };
		84B86D1126D621B40032399A /* MenuViewController.m */ = {isa = PBXFileReference; lastKnownFileType = sourcecode.c.objc; path = MenuViewController.m; sourceTree = "<group>"; };
		84B86D1426D621C20032399A /* menuTableViewCell.h */ = {isa = PBXFileReference; lastKnownFileType = sourcecode.c.h; path = menuTableViewCell.h; sourceTree = "<group>"; };
		84B86D1526D621C20032399A /* menuTableViewCell.m */ = {isa = PBXFileReference; lastKnownFileType = sourcecode.c.objc; path = menuTableViewCell.m; sourceTree = "<group>"; };
		84B86DB826D65CAD0032399A /* ConsultViewController.h */ = {isa = PBXFileReference; lastKnownFileType = sourcecode.c.h; path = ConsultViewController.h; sourceTree = "<group>"; };
		84B86DB926D65CAD0032399A /* ConsultViewController.m */ = {isa = PBXFileReference; lastKnownFileType = sourcecode.c.objc; path = ConsultViewController.m; sourceTree = "<group>"; };
		84B86DBC26D65CC40032399A /* consultTableViewCell.h */ = {isa = PBXFileReference; lastKnownFileType = sourcecode.c.h; path = consultTableViewCell.h; sourceTree = "<group>"; };
		84B86DBD26D65CC40032399A /* consultTableViewCell.m */ = {isa = PBXFileReference; lastKnownFileType = sourcecode.c.objc; path = consultTableViewCell.m; sourceTree = "<group>"; };
/* End PBXFileReference section */

/* Begin PBXFrameworksBuildPhase section */
		8467F57126D4FC7000D1B90D /* Frameworks */ = {
			isa = PBXFrameworksBuildPhase;
			buildActionMask = 2147483647;
			files = (
			);
			runOnlyForDeploymentPostprocessing = 0;
		};
/* End PBXFrameworksBuildPhase section */

/* Begin PBXGroup section */
		8467F56B26D4FC7000D1B90D = {
			isa = PBXGroup;
			children = (
				8467F57626D4FC7000D1B90D /* Arogyaa */,
				8467F57526D4FC7000D1B90D /* Products */,
			);
			sourceTree = "<group>";
		};
		8467F57526D4FC7000D1B90D /* Products */ = {
			isa = PBXGroup;
			children = (
				8467F57426D4FC7000D1B90D /* Arogyaa.app */,
			);
			name = Products;
			sourceTree = "<group>";
		};
		8467F57626D4FC7000D1B90D /* Arogyaa */ = {
			isa = PBXGroup;
			children = (
				849955E726D756BA00761635 /* PaggerView */,
				84B86DB726D65C8E0032399A /* Consult */,
				84B86D0A26D621150032399A /* Navigation */,
				84B86CDC26D606EE0032399A /* Slider */,
				84B86CD626D5F7A30032399A /* Home */,
				8467F5F926D50F8300D1B90D /* ForgetView */,
				8467F5C326D50CF300D1B90D /* SDwebImage */,
				8467F5BE26D50CD000D1B90D /* Toast */,
				8467F5AF26D50C4F00D1B90D /* CodePicker */,
				8467F5A226D50BAC00D1B90D /* Calendar */,
				8467F59326D4FC8C00D1B90D /* Signup */,
				8467F59226D4FC8500D1B90D /* Login */,
				8467F59126D4FC7E00D1B90D /* Otp */,
				8467F57726D4FC7000D1B90D /* AppDelegate.h */,
				8467F57826D4FC7000D1B90D /* AppDelegate.m */,
				8467F57A26D4FC7000D1B90D /* SceneDelegate.h */,
				8467F57B26D4FC7000D1B90D /* SceneDelegate.m */,
				8467F57D26D4FC7000D1B90D /* ViewController.h */,
				8467F57E26D4FC7000D1B90D /* ViewController.m */,
				8467F58026D4FC7000D1B90D /* Main.storyboard */,
				8467F58326D4FC7300D1B90D /* Assets.xcassets */,
				8467F58526D4FC7300D1B90D /* LaunchScreen.storyboard */,
				8467F58826D4FC7300D1B90D /* Info.plist */,
				8467F58926D4FC7300D1B90D /* main.m */,
			);
			path = Arogyaa;
			sourceTree = "<group>";
		};
		8467F59126D4FC7E00D1B90D /* Otp */ = {
			isa = PBXGroup;
			children = (
				8467F59C26D4FCB700D1B90D /* OtpViewController.h */,
				8467F59D26D4FCB700D1B90D /* OtpViewController.m */,
			);
			path = Otp;
			sourceTree = "<group>";
		};
		8467F59226D4FC8500D1B90D /* Login */ = {
			isa = PBXGroup;
			children = (
				8467F59526D4FCA500D1B90D /* LoginViewController.h */,
				8467F59426D4FCA500D1B90D /* LoginViewController.m */,
			);
			name = Login;
			sourceTree = "<group>";
		};
		8467F59326D4FC8C00D1B90D /* Signup */ = {
			isa = PBXGroup;
			children = (
				8467F59826D4FCAE00D1B90D /* SignupViewController.h */,
				8467F59926D4FCAE00D1B90D /* SignupViewController.m */,
			);
			name = Signup;
			sourceTree = "<group>";
		};
		8467F5A226D50BAC00D1B90D /* Calendar */ = {
			isa = PBXGroup;
			children = (
				8467F5A926D50BEA00D1B90D /* WSCalendarView.h */,
				8467F5A326D50BEA00D1B90D /* WSCalendarView.m */,
				8467F5A526D50BEA00D1B90D /* WSCalendarView.xib */,
				8467F5A826D50BEA00D1B90D /* WSEventView.h */,
				8467F5A626D50BEA00D1B90D /* WSEventView.m */,
				8467F5A426D50BEA00D1B90D /* WSLabel.h */,
				8467F5A726D50BEA00D1B90D /* WSLabel.m */,
			);
			path = Calendar;
			sourceTree = "<group>";
		};
		8467F5AF26D50C4F00D1B90D /* CodePicker */ = {
			isa = PBXGroup;
			children = (
				8467F5B026D50C7200D1B90D /* countries.json */,
				8467F5B226D50C7200D1B90D /* CountryCell.h */,
				8467F5B126D50C7200D1B90D /* CountryCell.m */,
				8467F5B726D50C7300D1B90D /* CountryListDataSource.h */,
				8467F5B426D50C7200D1B90D /* CountryListDataSource.m */,
				8467F5B326D50C7200D1B90D /* CountryListViewController.h */,
				8467F5B526D50C7300D1B90D /* CountryListViewController.m */,
				8467F5B626D50C7300D1B90D /* CountryListViewController.xib */,
			);
			name = CodePicker;
			sourceTree = "<group>";
		};
		8467F5BE26D50CD000D1B90D /* Toast */ = {
			isa = PBXGroup;
			children = (
				8467F5BF26D50CDF00D1B90D /* UIView+Toast.h */,
				8467F5C026D50CDF00D1B90D /* UIView+Toast.m */,
			);
			path = Toast;
			sourceTree = "<group>";
		};
		8467F5C326D50CF300D1B90D /* SDwebImage */ = {
			isa = PBXGroup;
			children = (
				8467F5C826D50D3400D1B90D /* MKAnnotationView+WebCache.h */,
				8467F5E226D50D3700D1B90D /* MKAnnotationView+WebCache.m */,
				8467F5E426D50D3700D1B90D /* NSData+ImageContentType.h */,
				8467F5C526D50D3400D1B90D /* NSData+ImageContentType.m */,
				8467F5D926D50D3600D1B90D /* SDImageCache.h */,
				8467F5C626D50D3400D1B90D /* SDImageCache.m */,
				8467F5DC26D50D3600D1B90D /* SDWebImageCompat.h */,
				8467F5C726D50D3400D1B90D /* SDWebImageCompat.m */,
				8467F5C926D50D3400D1B90D /* SDWebImageDecoder.h */,
				8467F5D326D50D3500D1B90D /* SDWebImageDecoder.m */,
				8467F5E026D50D3600D1B90D /* SDWebImageDownloader.h */,
				8467F5DB26D50D3600D1B90D /* SDWebImageDownloader.m */,
				8467F5D726D50D3500D1B90D /* SDWebImageDownloaderOperation.h */,
				8467F5C426D50D3400D1B90D /* SDWebImageDownloaderOperation.m */,
				8467F5CE26D50D3500D1B90D /* SDWebImageManager.h */,
				8467F5CD26D50D3500D1B90D /* SDWebImageManager.m */,
				8467F5D426D50D3500D1B90D /* SDWebImageOperation.h */,
				8467F5CF26D50D3500D1B90D /* SDWebImagePrefetcher.h */,
				8467F5DE26D50D3600D1B90D /* SDWebImagePrefetcher.m */,
				8467F5CC26D50D3500D1B90D /* UIButton+WebCache.h */,
				8467F5D826D50D3500D1B90D /* UIButton+WebCache.m */,
				8467F5E626D50D3700D1B90D /* UIImage+animatedGIF.h */,
				8467F5CB26D50D3500D1B90D /* UIImage+animatedGIF.m */,
				8467F5D626D50D3500D1B90D /* UIImage+GIF.h */,
				8467F5CA26D50D3400D1B90D /* UIImage+GIF.m */,
				8467F5D526D50D3500D1B90D /* UIImage+MultiFormat.h */,
				8467F5D226D50D3500D1B90D /* UIImage+MultiFormat.m */,
				8467F5DD26D50D3600D1B90D /* UIImage+WebP.h */,
				8467F5D126D50D3500D1B90D /* UIImage+WebP.m */,
				8467F5E326D50D3700D1B90D /* UIImageView+HighlightedWebCache.h */,
				8467F5E526D50D3700D1B90D /* UIImageView+HighlightedWebCache.m */,
				8467F5E126D50D3700D1B90D /* UIImageView+WebCache.h */,
				8467F5DA26D50D3600D1B90D /* UIImageView+WebCache.m */,
				8467F5D026D50D3500D1B90D /* UIView+WebCacheOperation.h */,
				8467F5DF26D50D3600D1B90D /* UIView+WebCacheOperation.m */,
			);
			name = SDwebImage;
			sourceTree = "<group>";
		};
		8467F5F926D50F8300D1B90D /* ForgetView */ = {
			isa = PBXGroup;
			children = (
				8467F5FA26D50F9600D1B90D /* ForgetViewController.h */,
				8467F5FB26D50F9600D1B90D /* ForgetViewController.m */,
				8467F5FE26D516CC00D1B90D /* ACFloatingTextField.h */,
				8467F5FF26D516CC00D1B90D /* ACFloatingTextField.m */,
			);
			path = ForgetView;
			sourceTree = "<group>";
		};
		849955E726D756BA00761635 /* PaggerView */ = {
			isa = PBXGroup;
			children = (
				849955EA26D756E300761635 /* GridCell.h */,
				849955EB26D756E300761635 /* GridCell.m */,
				849955F326D756E400761635 /* Header.xib */,
				849955F026D756E300761635 /* NinaBaseView.h */,
				849955EF26D756E300761635 /* NinaBaseView.m */,
				849955F126D756E300761635 /* NinaPagerView.h */,
				849955FA26D756E400761635 /* NinaPagerView.m */,
				849955F926D756E400761635 /* NVBnbCollectionView.h */,
				849955F626D756E400761635 /* NVBnbCollectionView.m */,
				849955F726D756E400761635 /* NVBnbCollectionViewLayout.h */,
				849955F426D756E400761635 /* NVBnbCollectionViewLayout.m */,
				849955FB26D756E400761635 /* NVBnbCollectionViewParallaxCell.h */,
				849955EC26D756E300761635 /* NVBnbCollectionViewParallaxCell.m */,
				849955ED26D756E300761635 /* ParallaxCell.h */,
				849955EE26D756E300761635 /* ParallaxCell.m */,
				849955E826D756E200761635 /* ReviewTableViewCell.h */,
				849955F226D756E300761635 /* ReviewTableViewCell.m */,
				849955F826D756E400761635 /* UIParameter.h */,
				849955F526D756E400761635 /* UIView+ViewController.h */,
				849955E926D756E200761635 /* UIView+ViewController.m */,
			);
			name = PaggerView;
			sourceTree = "<group>";
		};
		84B86CD626D5F7A30032399A /* Home */ = {
			isa = PBXGroup;
			children = (
				84B86CD726D5FB880032399A /* HomeViewController.h */,
				84B86CD826D5FB880032399A /* HomeViewController.m */,
				84B86CEA26D60B3F0032399A /* SymptomCollectionViewCell.h */,
				84B86CEB26D60B3F0032399A /* SymptomCollectionViewCell.m */,
				84B86CEE26D60B540032399A /* topCollectionViewCell.h */,
				84B86CEF26D60B540032399A /* topCollectionViewCell.m */,
				84B86CF226D60B620032399A /* HospitalCollectionViewCell.h */,
				84B86CF326D60B620032399A /* HospitalCollectionViewCell.m */,
			);
			name = Home;
			sourceTree = "<group>";
		};
		84B86CDC26D606EE0032399A /* Slider */ = {
			isa = PBXGroup;
			children = (
				84B86CE426D60A1A0032399A /* SliderBanner.h */,
				84B86CE626D60A1B0032399A /* SliderBanner.m */,
				84B86CE526D60A1B0032399A /* SliderBanner.xib */,
			);
			path = Slider;
			sourceTree = "<group>";
		};
		84B86D0A26D621150032399A /* Navigation */ = {
			isa = PBXGroup;
			children = (
				84B86D1026D621B40032399A /* MenuViewController.h */,
				84B86D1126D621B40032399A /* MenuViewController.m */,
				84B86D1426D621C20032399A /* menuTableViewCell.h */,
				84B86D1526D621C20032399A /* menuTableViewCell.m */,
				84B86D0D26D6212B0032399A /* SWRevealViewController.h */,
				84B86D0C26D6212B0032399A /* SWRevealViewController.m */,
			);
			name = Navigation;
			sourceTree = "<group>";
		};
		84B86DB726D65C8E0032399A /* Consult */ = {
			isa = PBXGroup;
			children = (
				84B86DB826D65CAD0032399A /* ConsultViewController.h */,
				84B86DB926D65CAD0032399A /* ConsultViewController.m */,
				84B86DBC26D65CC40032399A /* consultTableViewCell.h */,
				84B86DBD26D65CC40032399A /* consultTableViewCell.m */,
			);
			path = Consult;
			sourceTree = "<group>";
		};
/* End PBXGroup section */

/* Begin PBXNativeTarget section */
		8467F57326D4FC7000D1B90D /* Arogyaa */ = {
			isa = PBXNativeTarget;
			buildConfigurationList = 8467F58D26D4FC7300D1B90D /* Build configuration list for PBXNativeTarget "Arogyaa" */;
			buildPhases = (
				8467F57026D4FC7000D1B90D /* Sources */,
				8467F57126D4FC7000D1B90D /* Frameworks */,
				8467F57226D4FC7000D1B90D /* Resources */,
			);
			buildRules = (
			);
			dependencies = (
			);
			name = Arogyaa;
			productName = Arogyaa;
			productReference = 8467F57426D4FC7000D1B90D /* Arogyaa.app */;
			productType = "com.apple.product-type.application";
		};
/* End PBXNativeTarget section */

/* Begin PBXProject section */
		8467F56C26D4FC7000D1B90D /* Project object */ = {
			isa = PBXProject;
			attributes = {
				LastUpgradeCheck = 1240;
				TargetAttributes = {
					8467F57326D4FC7000D1B90D = {
						CreatedOnToolsVersion = 12.4;
					};
				};
			};
			buildConfigurationList = 8467F56F26D4FC7000D1B90D /* Build configuration list for PBXProject "Arogyaa" */;
			compatibilityVersion = "Xcode 9.3";
			developmentRegion = en;
			hasScannedForEncodings = 0;
			knownRegions = (
				en,
				Base,
			);
			mainGroup = 8467F56B26D4FC7000D1B90D;
			productRefGroup = 8467F57526D4FC7000D1B90D /* Products */;
			projectDirPath = "";
			projectRoot = "";
			targets = (
				8467F57326D4FC7000D1B90D /* Arogyaa */,
			);
		};
/* End PBXProject section */

/* Begin PBXResourcesBuildPhase section */
		8467F57226D4FC7000D1B90D /* Resources */ = {
			isa = PBXResourcesBuildPhase;
			buildActionMask = 2147483647;
			files = (
				8467F58726D4FC7300D1B90D /* LaunchScreen.storyboard in Resources */,
				8467F5BC26D50C7300D1B90D /* CountryListViewController.xib in Resources */,
				84B86CE726D60A1B0032399A /* SliderBanner.xib in Resources */,
				8467F58426D4FC7300D1B90D /* Assets.xcassets in Resources */,
				8499560226D756E400761635 /* Header.xib in Resources */,
				8467F5AB26D50BEA00D1B90D /* WSCalendarView.xib in Resources */,
				8467F5B826D50C7300D1B90D /* countries.json in Resources */,
				8467F58226D4FC7000D1B90D /* Main.storyboard in Resources */,
			);
			runOnlyForDeploymentPostprocessing = 0;
		};
/* End PBXResourcesBuildPhase section */

/* Begin PBXSourcesBuildPhase section */
		8467F57026D4FC7000D1B90D /* Sources */ = {
			isa = PBXSourcesBuildPhase;
			buildActionMask = 2147483647;
			files = (
				8467F59A26D4FCAE00D1B90D /* SignupViewController.m in Sources */,
				8467F5F426D50D3700D1B90D /* SDWebImagePrefetcher.m in Sources */,
				8467F57F26D4FC7000D1B90D /* ViewController.m in Sources */,
				8467F5AA26D50BEA00D1B90D /* WSCalendarView.m in Sources */,
				8467F57926D4FC7000D1B90D /* AppDelegate.m in Sources */,
				849955FC26D756E400761635 /* UIView+ViewController.m in Sources */,
				8467F5F026D50D3700D1B90D /* SDWebImageDecoder.m in Sources */,
				8467F5C126D50CE000D1B90D /* UIView+Toast.m in Sources */,
				8467F5AD26D50BEA00D1B90D /* WSLabel.m in Sources */,
				8467F5E726D50D3700D1B90D /* SDWebImageDownloaderOperation.m in Sources */,
				8467F58A26D4FC7300D1B90D /* main.m in Sources */,
				84B86CEC26D60B3F0032399A /* SymptomCollectionViewCell.m in Sources */,
				8467F59E26D4FCB700D1B90D /* OtpViewController.m in Sources */,
				8467F5F326D50D3700D1B90D /* SDWebImageDownloader.m in Sources */,
				8467F57C26D4FC7000D1B90D /* SceneDelegate.m in Sources */,
				8467F5E826D50D3700D1B90D /* NSData+ImageContentType.m in Sources */,
				8467F59626D4FCA500D1B90D /* LoginViewController.m in Sources */,
				8467F5E926D50D3700D1B90D /* SDImageCache.m in Sources */,
				8467F5F226D50D3700D1B90D /* UIImageView+WebCache.m in Sources */,
				84B86CF026D60B540032399A /* topCollectionViewCell.m in Sources */,
				8499560126D756E400761635 /* ReviewTableViewCell.m in Sources */,
				84B86D1226D621B40032399A /* MenuViewController.m in Sources */,
				84B86D1626D621C20032399A /* menuTableViewCell.m in Sources */,
				84B86DBA26D65CAD0032399A /* ConsultViewController.m in Sources */,
				8467F5EF26D50D3700D1B90D /* UIImage+MultiFormat.m in Sources */,
				8467F5EC26D50D3700D1B90D /* UIImage+animatedGIF.m in Sources */,
				8467F60026D516CC00D1B90D /* ACFloatingTextField.m in Sources */,
				8499560426D756E400761635 /* NVBnbCollectionView.m in Sources */,
				8467F5EA26D50D3700D1B90D /* SDWebImageCompat.m in Sources */,
				8467F5F126D50D3700D1B90D /* UIButton+WebCache.m in Sources */,
				8499560526D756E400761635 /* NinaPagerView.m in Sources */,
				8467F5ED26D50D3700D1B90D /* SDWebImageManager.m in Sources */,
				8467F5BA26D50C7300D1B90D /* CountryListDataSource.m in Sources */,
				84B86D0E26D6212B0032399A /* SWRevealViewController.m in Sources */,
				84B86CF426D60B620032399A /* HospitalCollectionViewCell.m in Sources */,
				8467F5FC26D50F9600D1B90D /* ForgetViewController.m in Sources */,
				84B86CD926D5FB880032399A /* HomeViewController.m in Sources */,
				8499560326D756E400761635 /* NVBnbCollectionViewLayout.m in Sources */,
				8467F5F626D50D3700D1B90D /* MKAnnotationView+WebCache.m in Sources */,
				8467F5B926D50C7300D1B90D /* CountryCell.m in Sources */,
				84B86CE826D60A1B0032399A /* SliderBanner.m in Sources */,
				8499560026D756E400761635 /* NinaBaseView.m in Sources */,
				8467F5EB26D50D3700D1B90D /* UIImage+GIF.m in Sources */,
				8467F5AC26D50BEA00D1B90D /* WSEventView.m in Sources */,
				8467F5BB26D50C7300D1B90D /* CountryListViewController.m in Sources */,
				8467F5F726D50D3700D1B90D /* UIImageView+HighlightedWebCache.m in Sources */,
				849955FF26D756E400761635 /* ParallaxCell.m in Sources */,
				8467F5F526D50D3700D1B90D /* UIView+WebCacheOperation.m in Sources */,
				84B86DBE26D65CC40032399A /* consultTableViewCell.m in Sources */,
				849955FD26D756E400761635 /* GridCell.m in Sources */,
				849955FE26D756E400761635 /* NVBnbCollectionViewParallaxCell.m in Sources */,
				8467F5EE26D50D3700D1B90D /* UIImage+WebP.m in Sources */,
			);
			runOnlyForDeploymentPostprocessing = 0;
		};
/* End PBXSourcesBuildPhase section */

/* Begin PBXVariantGroup section */
		8467F58026D4FC7000D1B90D /* Main.storyboard */ = {
			isa = PBXVariantGroup;
			children = (
				8467F58126D4FC7000D1B90D /* Base */,
			);
			name = Main.storyboard;
			sourceTree = "<group>";
		};
		8467F58526D4FC7300D1B90D /* LaunchScreen.storyboard */ = {
			isa = PBXVariantGroup;
			children = (
				8467F58626D4FC7300D1B90D /* Base */,
			);
			name = LaunchScreen.storyboard;
			sourceTree = "<group>";
		};
/* End PBXVariantGroup section */

/* Begin XCBuildConfiguration section */
		8467F58B26D4FC7300D1B90D /* Debug */ = {
			isa = XCBuildConfiguration;
			buildSettings = {
				ALWAYS_SEARCH_USER_PATHS = NO;
				CLANG_ANALYZER_NONNULL = YES;
				CLANG_ANALYZER_NUMBER_OBJECT_CONVERSION = YES_AGGRESSIVE;
				CLANG_CXX_LANGUAGE_STANDARD = "gnu++14";
				CLANG_CXX_LIBRARY = "libc++";
				CLANG_ENABLE_MODULES = YES;
				CLANG_ENABLE_OBJC_ARC = YES;
				CLANG_ENABLE_OBJC_WEAK = YES;
				CLANG_WARN_BLOCK_CAPTURE_AUTORELEASING = YES;
				CLANG_WARN_BOOL_CONVERSION = YES;
				CLANG_WARN_COMMA = YES;
				CLANG_WARN_CONSTANT_CONVERSION = YES;
				CLANG_WARN_DEPRECATED_OBJC_IMPLEMENTATIONS = YES;
				CLANG_WARN_DIRECT_OBJC_ISA_USAGE = YES_ERROR;
				CLANG_WARN_DOCUMENTATION_COMMENTS = YES;
				CLANG_WARN_EMPTY_BODY = YES;
				CLANG_WARN_ENUM_CONVERSION = YES;
				CLANG_WARN_INFINITE_RECURSION = YES;
				CLANG_WARN_INT_CONVERSION = YES;
				CLANG_WARN_NON_LITERAL_NULL_CONVERSION = YES;
				CLANG_WARN_OBJC_IMPLICIT_RETAIN_SELF = YES;
				CLANG_WARN_OBJC_LITERAL_CONVERSION = YES;
				CLANG_WARN_OBJC_ROOT_CLASS = YES_ERROR;
				CLANG_WARN_QUOTED_INCLUDE_IN_FRAMEWORK_HEADER = YES;
				CLANG_WARN_RANGE_LOOP_ANALYSIS = YES;
				CLANG_WARN_STRICT_PROTOTYPES = YES;
				CLANG_WARN_SUSPICIOUS_MOVE = YES;
				CLANG_WARN_UNGUARDED_AVAILABILITY = YES_AGGRESSIVE;
				CLANG_WARN_UNREACHABLE_CODE = YES;
				CLANG_WARN__DUPLICATE_METHOD_MATCH = YES;
				COPY_PHASE_STRIP = NO;
				DEBUG_INFORMATION_FORMAT = dwarf;
				ENABLE_STRICT_OBJC_MSGSEND = YES;
				ENABLE_TESTABILITY = YES;
				GCC_C_LANGUAGE_STANDARD = gnu11;
				GCC_DYNAMIC_NO_PIC = NO;
				GCC_NO_COMMON_BLOCKS = YES;
				GCC_OPTIMIZATION_LEVEL = 0;
				GCC_PREPROCESSOR_DEFINITIONS = (
					"DEBUG=1",
					"$(inherited)",
				);
				GCC_WARN_64_TO_32_BIT_CONVERSION = YES;
				GCC_WARN_ABOUT_RETURN_TYPE = YES_ERROR;
				GCC_WARN_UNDECLARED_SELECTOR = YES;
				GCC_WARN_UNINITIALIZED_AUTOS = YES_AGGRESSIVE;
				GCC_WARN_UNUSED_FUNCTION = YES;
				GCC_WARN_UNUSED_VARIABLE = YES;
				IPHONEOS_DEPLOYMENT_TARGET = 14.4;
				MTL_ENABLE_DEBUG_INFO = INCLUDE_SOURCE;
				MTL_FAST_MATH = YES;
				ONLY_ACTIVE_ARCH = YES;
				SDKROOT = iphoneos;
			};
			name = Debug;
		};
		8467F58C26D4FC7300D1B90D /* Release */ = {
			isa = XCBuildConfiguration;
			buildSettings = {
				ALWAYS_SEARCH_USER_PATHS = NO;
				CLANG_ANALYZER_NONNULL = YES;
				CLANG_ANALYZER_NUMBER_OBJECT_CONVERSION = YES_AGGRESSIVE;
				CLANG_CXX_LANGUAGE_STANDARD = "gnu++14";
				CLANG_CXX_LIBRARY = "libc++";
				CLANG_ENABLE_MODULES = YES;
				CLANG_ENABLE_OBJC_ARC = YES;
				CLANG_ENABLE_OBJC_WEAK = YES;
				CLANG_WARN_BLOCK_CAPTURE_AUTORELEASING = YES;
				CLANG_WARN_BOOL_CONVERSION = YES;
				CLANG_WARN_COMMA = YES;
				CLANG_WARN_CONSTANT_CONVERSION = YES;
				CLANG_WARN_DEPRECATED_OBJC_IMPLEMENTATIONS = YES;
				CLANG_WARN_DIRECT_OBJC_ISA_USAGE = YES_ERROR;
				CLANG_WARN_DOCUMENTATION_COMMENTS = YES;
				CLANG_WARN_EMPTY_BODY = YES;
				CLANG_WARN_ENUM_CONVERSION = YES;
				CLANG_WARN_INFINITE_RECURSION = YES;
				CLANG_WARN_INT_CONVERSION = YES;
				CLANG_WARN_NON_LITERAL_NULL_CONVERSION = YES;
				CLANG_WARN_OBJC_IMPLICIT_RETAIN_SELF = YES;
				CLANG_WARN_OBJC_LITERAL_CONVERSION = YES;
				CLANG_WARN_OBJC_ROOT_CLASS = YES_ERROR;
				CLANG_WARN_QUOTED_INCLUDE_IN_FRAMEWORK_HEADER = YES;
				CLANG_WARN_RANGE_LOOP_ANALYSIS = YES;
				CLANG_WARN_STRICT_PROTOTYPES = YES;
				CLANG_WARN_SUSPICIOUS_MOVE = YES;
				CLANG_WARN_UNGUARDED_AVAILABILITY = YES_AGGRESSIVE;
				CLANG_WARN_UNREACHABLE_CODE = YES;
				CLANG_WARN__DUPLICATE_METHOD_MATCH = YES;
				COPY_PHASE_STRIP = NO;
				DEBUG_INFORMATION_FORMAT = "dwarf-with-dsym";
				ENABLE_NS_ASSERTIONS = NO;
				ENABLE_STRICT_OBJC_MSGSEND = YES;
				GCC_C_LANGUAGE_STANDARD = gnu11;
				GCC_NO_COMMON_BLOCKS = YES;
				GCC_WARN_64_TO_32_BIT_CONVERSION = YES;
				GCC_WARN_ABOUT_RETURN_TYPE = YES_ERROR;
				GCC_WARN_UNDECLARED_SELECTOR = YES;
				GCC_WARN_UNINITIALIZED_AUTOS = YES_AGGRESSIVE;
				GCC_WARN_UNUSED_FUNCTION = YES;
				GCC_WARN_UNUSED_VARIABLE = YES;
				IPHONEOS_DEPLOYMENT_TARGET = 14.4;
				MTL_ENABLE_DEBUG_INFO = NO;
				MTL_FAST_MATH = YES;
				SDKROOT = iphoneos;
				VALIDATE_PRODUCT = YES;
			};
			name = Release;
		};
		8467F58E26D4FC7300D1B90D /* Debug */ = {
			isa = XCBuildConfiguration;
			buildSettings = {
				ASSETCATALOG_COMPILER_APPICON_NAME = AppIcon;
				ASSETCATALOG_COMPILER_GLOBAL_ACCENT_COLOR_NAME = AccentColor;
				CODE_SIGN_STYLE = Automatic;
				DEVELOPMENT_TEAM = BPFX69TTTG;
				INFOPLIST_FILE = Arogyaa/Info.plist;
				LD_RUNPATH_SEARCH_PATHS = (
					"$(inherited)",
					"@executable_path/Frameworks",
				);
				PRODUCT_BUNDLE_IDENTIFIER = com.maestrosinfotech.Arogyaa;
				PRODUCT_NAME = "$(TARGET_NAME)";
				TARGETED_DEVICE_FAMILY = "1,2";
			};
			name = Debug;
		};
		8467F58F26D4FC7300D1B90D /* Release */ = {
			isa = XCBuildConfiguration;
			buildSettings = {
				ASSETCATALOG_COMPILER_APPICON_NAME = AppIcon;
				ASSETCATALOG_COMPILER_GLOBAL_ACCENT_COLOR_NAME = AccentColor;
				CODE_SIGN_STYLE = Automatic;
				DEVELOPMENT_TEAM = BPFX69TTTG;
				INFOPLIST_FILE = Arogyaa/Info.plist;
				LD_RUNPATH_SEARCH_PATHS = (
					"$(inherited)",
					"@executable_path/Frameworks",
				);
				PRODUCT_BUNDLE_IDENTIFIER = com.maestrosinfotech.Arogyaa;
				PRODUCT_NAME = "$(TARGET_NAME)";
				TARGETED_DEVICE_FAMILY = "1,2";
			};
			name = Release;
		};
/* End XCBuildConfiguration section */

/* Begin XCConfigurationList section */
		8467F56F26D4FC7000D1B90D /* Build configuration list for PBXProject "Arogyaa" */ = {
			isa = XCConfigurationList;
			buildConfigurations = (
				8467F58B26D4FC7300D1B90D /* Debug */,
				8467F58C26D4FC7300D1B90D /* Release */,
			);
			defaultConfigurationIsVisible = 0;
			defaultConfigurationName = Release;
		};
		8467F58D26D4FC7300D1B90D /* Build configuration list for PBXNativeTarget "Arogyaa" */ = {
			isa = XCConfigurationList;
			buildConfigurations = (
				8467F58E26D4FC7300D1B90D /* Debug */,
				8467F58F26D4FC7300D1B90D /* Release */,
			);
			defaultConfigurationIsVisible = 0;
			defaultConfigurationName = Release;
		};
/* End XCConfigurationList section */
	};
	rootObject = 8467F56C26D4FC7000D1B90D /* Project object */;
}
